// !$*UTF8*$!
{
	archiveVersion = 1;
	classes = {
	};
	objectVersion = 46;
	objects = {

/* Begin PBXBuildFile section */
		7601D8611ADB805700979365 /* process.cpp in Sources */ = {isa = PBXBuildFile; fileRef = 7601D85F1ADB805700979365 /* process.cpp */; };
		761AFB681AB183C900554E5B /* process_test.cpp in Sources */ = {isa = PBXBuildFile; fileRef = 761AFB661AB183C800554E5B /* process_test.cpp */; };
		76A5B15F1A833B0F008ECBF0 /* main.cpp in Sources */ = {isa = PBXBuildFile; fileRef = 76A5B15E1A833B0F008ECBF0 /* main.cpp */; };
		76A5B1991A833B54008ECBF0 /* libopencv_calib3d.3.0.0.dylib in Frameworks */ = {isa = PBXBuildFile; fileRef = 76A5B1681A833B54008ECBF0 /* libopencv_calib3d.3.0.0.dylib */; };
		76A5B19C1A833B54008ECBF0 /* libopencv_core.3.0.0.dylib in Frameworks */ = {isa = PBXBuildFile; fileRef = 76A5B16B1A833B54008ECBF0 /* libopencv_core.3.0.0.dylib */; };
		76A5B19F1A833B54008ECBF0 /* libopencv_features2d.3.0.0.dylib in Frameworks */ = {isa = PBXBuildFile; fileRef = 76A5B16E1A833B54008ECBF0 /* libopencv_features2d.3.0.0.dylib */; };
		76A5B1A21A833B54008ECBF0 /* libopencv_flann.3.0.0.dylib in Frameworks */ = {isa = PBXBuildFile; fileRef = 76A5B1711A833B54008ECBF0 /* libopencv_flann.3.0.0.dylib */; };
		76A5B1A51A833B54008ECBF0 /* libopencv_highgui.3.0.0.dylib in Frameworks */ = {isa = PBXBuildFile; fileRef = 76A5B1741A833B54008ECBF0 /* libopencv_highgui.3.0.0.dylib */; };
		76A5B1A81A833B55008ECBF0 /* libopencv_imgcodecs.3.0.0.dylib in Frameworks */ = {isa = PBXBuildFile; fileRef = 76A5B1771A833B54008ECBF0 /* libopencv_imgcodecs.3.0.0.dylib */; };
		76A5B1AB1A833B55008ECBF0 /* libopencv_imgproc.3.0.0.dylib in Frameworks */ = {isa = PBXBuildFile; fileRef = 76A5B17A1A833B54008ECBF0 /* libopencv_imgproc.3.0.0.dylib */; };
		76A5B1AE1A833B55008ECBF0 /* libopencv_ml.3.0.0.dylib in Frameworks */ = {isa = PBXBuildFile; fileRef = 76A5B17D1A833B54008ECBF0 /* libopencv_ml.3.0.0.dylib */; };
		76A5B1B11A833B55008ECBF0 /* libopencv_objdetect.3.0.0.dylib in Frameworks */ = {isa = PBXBuildFile; fileRef = 76A5B1801A833B54008ECBF0 /* libopencv_objdetect.3.0.0.dylib */; };
		76A5B1B41A833B55008ECBF0 /* libopencv_photo.3.0.0.dylib in Frameworks */ = {isa = PBXBuildFile; fileRef = 76A5B1831A833B54008ECBF0 /* libopencv_photo.3.0.0.dylib */; };
		76A5B1B71A833B55008ECBF0 /* libopencv_shape.3.0.0.dylib in Frameworks */ = {isa = PBXBuildFile; fileRef = 76A5B1861A833B54008ECBF0 /* libopencv_shape.3.0.0.dylib */; };
		76A5B1BA1A833B55008ECBF0 /* libopencv_stitching.3.0.0.dylib in Frameworks */ = {isa = PBXBuildFile; fileRef = 76A5B1891A833B54008ECBF0 /* libopencv_stitching.3.0.0.dylib */; };
		76A5B1BD1A833B55008ECBF0 /* libopencv_superres.3.0.0.dylib in Frameworks */ = {isa = PBXBuildFile; fileRef = 76A5B18C1A833B54008ECBF0 /* libopencv_superres.3.0.0.dylib */; };
		76A5B1BE1A833B55008ECBF0 /* libopencv_ts.a in Frameworks */ = {isa = PBXBuildFile; fileRef = 76A5B18D1A833B54008ECBF0 /* libopencv_ts.a */; };
		76A5B1C11A833B55008ECBF0 /* libopencv_video.3.0.0.dylib in Frameworks */ = {isa = PBXBuildFile; fileRef = 76A5B1901A833B54008ECBF0 /* libopencv_video.3.0.0.dylib */; };
		76A5B1C41A833B55008ECBF0 /* libopencv_videoio.3.0.0.dylib in Frameworks */ = {isa = PBXBuildFile; fileRef = 76A5B1931A833B54008ECBF0 /* libopencv_videoio.3.0.0.dylib */; };
		76A5B1C71A833B55008ECBF0 /* libopencv_videostab.3.0.0.dylib in Frameworks */ = {isa = PBXBuildFile; fileRef = 76A5B1961A833B54008ECBF0 /* libopencv_videostab.3.0.0.dylib */; };
/* End PBXBuildFile section */

/* Begin PBXCopyFilesBuildPhase section */
		76A5B1591A833B0F008ECBF0 /* CopyFiles */ = {
			isa = PBXCopyFilesBuildPhase;
			buildActionMask = 2147483647;
			dstPath = /usr/share/man/man1/;
			dstSubfolderSpec = 0;
			files = (
			);
			runOnlyForDeploymentPostprocessing = 1;
		};
/* End PBXCopyFilesBuildPhase section */

/* Begin PBXFileReference section */
		7601D85F1ADB805700979365 /* process.cpp */ = {isa = PBXFileReference; fileEncoding = 4; lastKnownFileType = sourcecode.cpp.cpp; path = process.cpp; sourceTree = "<group>"; };
		7601D8601ADB805700979365 /* process.h */ = {isa = PBXFileReference; fileEncoding = 4; lastKnownFileType = sourcecode.c.h; path = process.h; sourceTree = "<group>"; };
		761AFB661AB183C800554E5B /* process_test.cpp */ = {isa = PBXFileReference; fileEncoding = 4; lastKnownFileType = sourcecode.cpp.cpp; path = process_test.cpp; sourceTree = "<group>"; };
		761AFB671AB183C900554E5B /* process_test.h */ = {isa = PBXFileReference; fileEncoding = 4; lastKnownFileType = sourcecode.c.h; path = process_test.h; sourceTree = "<group>"; };
		76A5B15B1A833B0F008ECBF0 /* OpenCV_CL */ = {isa = PBXFileReference; explicitFileType = "compiled.mach-o.executable"; includeInIndex = 0; path = OpenCV_CL; sourceTree = BUILT_PRODUCTS_DIR; };
		76A5B15E1A833B0F008ECBF0 /* main.cpp */ = {isa = PBXFileReference; lastKnownFileType = sourcecode.cpp.cpp; path = main.cpp; sourceTree = "<group>"; };
		76A5B1681A833B54008ECBF0 /* libopencv_calib3d.3.0.0.dylib */ = {isa = PBXFileReference; lastKnownFileType = "compiled.mach-o.dylib"; name = libopencv_calib3d.3.0.0.dylib; path = ../../../../../usr/local/lib/libopencv_calib3d.3.0.0.dylib; sourceTree = "<group>"; };
		76A5B16B1A833B54008ECBF0 /* libopencv_core.3.0.0.dylib */ = {isa = PBXFileReference; lastKnownFileType = "compiled.mach-o.dylib"; name = libopencv_core.3.0.0.dylib; path = ../../../../../usr/local/lib/libopencv_core.3.0.0.dylib; sourceTree = "<group>"; };
		76A5B16E1A833B54008ECBF0 /* libopencv_features2d.3.0.0.dylib */ = {isa = PBXFileReference; lastKnownFileType = "compiled.mach-o.dylib"; name = libopencv_features2d.3.0.0.dylib; path = ../../../../../usr/local/lib/libopencv_features2d.3.0.0.dylib; sourceTree = "<group>"; };
		76A5B1711A833B54008ECBF0 /* libopencv_flann.3.0.0.dylib */ = {isa = PBXFileReference; lastKnownFileType = "compiled.mach-o.dylib"; name = libopencv_flann.3.0.0.dylib; path = ../../../../../usr/local/lib/libopencv_flann.3.0.0.dylib; sourceTree = "<group>"; };
		76A5B1741A833B54008ECBF0 /* libopencv_highgui.3.0.0.dylib */ = {isa = PBXFileReference; lastKnownFileType = "compiled.mach-o.dylib"; name = libopencv_highgui.3.0.0.dylib; path = ../../../../../usr/local/lib/libopencv_highgui.3.0.0.dylib; sourceTree = "<group>"; };
		76A5B1771A833B54008ECBF0 /* libopencv_imgcodecs.3.0.0.dylib */ = {isa = PBXFileReference; lastKnownFileType = "compiled.mach-o.dylib"; name = libopencv_imgcodecs.3.0.0.dylib; path = ../../../../../usr/local/lib/libopencv_imgcodecs.3.0.0.dylib; sourceTree = "<group>"; };
		76A5B17A1A833B54008ECBF0 /* libopencv_imgproc.3.0.0.dylib */ = {isa = PBXFileReference; lastKnownFileType = "compiled.mach-o.dylib"; name = libopencv_imgproc.3.0.0.dylib; path = ../../../../../usr/local/lib/libopencv_imgproc.3.0.0.dylib; sourceTree = "<group>"; };
		76A5B17D1A833B54008ECBF0 /* libopencv_ml.3.0.0.dylib */ = {isa = PBXFileReference; lastKnownFileType = "compiled.mach-o.dylib"; name = libopencv_ml.3.0.0.dylib; path = ../../../../../usr/local/lib/libopencv_ml.3.0.0.dylib; sourceTree = "<group>"; };
		76A5B1801A833B54008ECBF0 /* libopencv_objdetect.3.0.0.dylib */ = {isa = PBXFileReference; lastKnownFileType = "compiled.mach-o.dylib"; name = libopencv_objdetect.3.0.0.dylib; path = ../../../../../usr/local/lib/libopencv_objdetect.3.0.0.dylib; sourceTree = "<group>"; };
		76A5B1831A833B54008ECBF0 /* libopencv_photo.3.0.0.dylib */ = {isa = PBXFileReference; lastKnownFileType = "compiled.mach-o.dylib"; name = libopencv_photo.3.0.0.dylib; path = ../../../../../usr/local/lib/libopencv_photo.3.0.0.dylib; sourceTree = "<group>"; };
		76A5B1861A833B54008ECBF0 /* libopencv_shape.3.0.0.dylib */ = {isa = PBXFileReference; lastKnownFileType = "compiled.mach-o.dylib"; name = libopencv_shape.3.0.0.dylib; path = ../../../../../usr/local/lib/libopencv_shape.3.0.0.dylib; sourceTree = "<group>"; };
		76A5B1891A833B54008ECBF0 /* libopencv_stitching.3.0.0.dylib */ = {isa = PBXFileReference; lastKnownFileType = "compiled.mach-o.dylib"; name = libopencv_stitching.3.0.0.dylib; path = ../../../../../usr/local/lib/libopencv_stitching.3.0.0.dylib; sourceTree = "<group>"; };
		76A5B18C1A833B54008ECBF0 /* libopencv_superres.3.0.0.dylib */ = {isa = PBXFileReference; lastKnownFileType = "compiled.mach-o.dylib"; name = libopencv_superres.3.0.0.dylib; path = ../../../../../usr/local/lib/libopencv_superres.3.0.0.dylib; sourceTree = "<group>"; };
		76A5B18D1A833B54008ECBF0 /* libopencv_ts.a */ = {isa = PBXFileReference; lastKnownFileType = archive.ar; name = libopencv_ts.a; path = ../../../../../usr/local/lib/libopencv_ts.a; sourceTree = "<group>"; };
		76A5B1901A833B54008ECBF0 /* libopencv_video.3.0.0.dylib */ = {isa = PBXFileReference; lastKnownFileType = "compiled.mach-o.dylib"; name = libopencv_video.3.0.0.dylib; path = ../../../../../usr/local/lib/libopencv_video.3.0.0.dylib; sourceTree = "<group>"; };
		76A5B1931A833B54008ECBF0 /* libopencv_videoio.3.0.0.dylib */ = {isa = PBXFileReference; lastKnownFileType = "compiled.mach-o.dylib"; name = libopencv_videoio.3.0.0.dylib; path = ../../../../../usr/local/lib/libopencv_videoio.3.0.0.dylib; sourceTree = "<group>"; };
		76A5B1961A833B54008ECBF0 /* libopencv_videostab.3.0.0.dylib */ = {isa = PBXFileReference; lastKnownFileType = "compiled.mach-o.dylib"; name = libopencv_videostab.3.0.0.dylib; path = ../../../../../usr/local/lib/libopencv_videostab.3.0.0.dylib; sourceTree = "<group>"; };
/* End PBXFileReference section */

/* Begin PBXFrameworksBuildPhase section */
		76A5B1581A833B0F008ECBF0 /* Frameworks */ = {
			isa = PBXFrameworksBuildPhase;
			buildActionMask = 2147483647;
			files = (
				76A5B1B71A833B55008ECBF0 /* libopencv_shape.3.0.0.dylib in Frameworks */,
				76A5B19F1A833B54008ECBF0 /* libopencv_features2d.3.0.0.dylib in Frameworks */,
				76A5B1C71A833B55008ECBF0 /* libopencv_videostab.3.0.0.dylib in Frameworks */,
				76A5B1C11A833B55008ECBF0 /* libopencv_video.3.0.0.dylib in Frameworks */,
				76A5B1991A833B54008ECBF0 /* libopencv_calib3d.3.0.0.dylib in Frameworks */,
				76A5B1C41A833B55008ECBF0 /* libopencv_videoio.3.0.0.dylib in Frameworks */,
				76A5B1AB1A833B55008ECBF0 /* libopencv_imgproc.3.0.0.dylib in Frameworks */,
				76A5B1AE1A833B55008ECBF0 /* libopencv_ml.3.0.0.dylib in Frameworks */,
				76A5B1A21A833B54008ECBF0 /* libopencv_flann.3.0.0.dylib in Frameworks */,
				76A5B1BE1A833B55008ECBF0 /* libopencv_ts.a in Frameworks */,
				76A5B1BA1A833B55008ECBF0 /* libopencv_stitching.3.0.0.dylib in Frameworks */,
				76A5B1A51A833B54008ECBF0 /* libopencv_highgui.3.0.0.dylib in Frameworks */,
				76A5B1BD1A833B55008ECBF0 /* libopencv_superres.3.0.0.dylib in Frameworks */,
				76A5B1B11A833B55008ECBF0 /* libopencv_objdetect.3.0.0.dylib in Frameworks */,
				76A5B19C1A833B54008ECBF0 /* libopencv_core.3.0.0.dylib in Frameworks */,
				76A5B1A81A833B55008ECBF0 /* libopencv_imgcodecs.3.0.0.dylib in Frameworks */,
				76A5B1B41A833B55008ECBF0 /* libopencv_photo.3.0.0.dylib in Frameworks */,
			);
			runOnlyForDeploymentPostprocessing = 0;
		};
/* End PBXFrameworksBuildPhase section */

/* Begin PBXGroup section */
		76A5B1521A833B0F008ECBF0 = {
			isa = PBXGroup;
			children = (
				76A5B15D1A833B0F008ECBF0 /* OpenCV_CL */,
				76A5B1651A833B22008ECBF0 /* lib */,
				76A5B15C1A833B0F008ECBF0 /* Products */,
			);
			sourceTree = "<group>";
		};
		76A5B15C1A833B0F008ECBF0 /* Products */ = {
			isa = PBXGroup;
			children = (
				76A5B15B1A833B0F008ECBF0 /* OpenCV_CL */,
			);
			name = Products;
			sourceTree = "<group>";
		};
		76A5B15D1A833B0F008ECBF0 /* OpenCV_CL */ = {
			isa = PBXGroup;
			children = (
				76A5B15E1A833B0F008ECBF0 /* main.cpp */,
				7601D85F1ADB805700979365 /* process.cpp */,
				7601D8601ADB805700979365 /* process.h */,
				761AFB661AB183C800554E5B /* process_test.cpp */,
				761AFB671AB183C900554E5B /* process_test.h */,
			);
			path = OpenCV_CL;
			sourceTree = "<group>";
		};
		76A5B1651A833B22008ECBF0 /* lib */ = {
			isa = PBXGroup;
			children = (
				76A5B1681A833B54008ECBF0 /* libopencv_calib3d.3.0.0.dylib */,
				76A5B16B1A833B54008ECBF0 /* libopencv_core.3.0.0.dylib */,
				76A5B16E1A833B54008ECBF0 /* libopencv_features2d.3.0.0.dylib */,
				76A5B1711A833B54008ECBF0 /* libopencv_flann.3.0.0.dylib */,
				76A5B1741A833B54008ECBF0 /* libopencv_highgui.3.0.0.dylib */,
				76A5B1771A833B54008ECBF0 /* libopencv_imgcodecs.3.0.0.dylib */,
				76A5B17A1A833B54008ECBF0 /* libopencv_imgproc.3.0.0.dylib */,
				76A5B17D1A833B54008ECBF0 /* libopencv_ml.3.0.0.dylib */,
				76A5B1801A833B54008ECBF0 /* libopencv_objdetect.3.0.0.dylib */,
				76A5B1831A833B54008ECBF0 /* libopencv_photo.3.0.0.dylib */,
				76A5B1861A833B54008ECBF0 /* libopencv_shape.3.0.0.dylib */,
				76A5B1891A833B54008ECBF0 /* libopencv_stitching.3.0.0.dylib */,
				76A5B18C1A833B54008ECBF0 /* libopencv_superres.3.0.0.dylib */,
				76A5B18D1A833B54008ECBF0 /* libopencv_ts.a */,
				76A5B1901A833B54008ECBF0 /* libopencv_video.3.0.0.dylib */,
				76A5B1931A833B54008ECBF0 /* libopencv_videoio.3.0.0.dylib */,
				76A5B1961A833B54008ECBF0 /* libopencv_videostab.3.0.0.dylib */,
			);
			name = lib;
			sourceTree = "<group>";
		};
/* End PBXGroup section */

/* Begin PBXNativeTarget section */
		76A5B15A1A833B0F008ECBF0 /* OpenCV_CL */ = {
			isa = PBXNativeTarget;
			buildConfigurationList = 76A5B1621A833B0F008ECBF0 /* Build configuration list for PBXNativeTarget "OpenCV_CL" */;
			buildPhases = (
				76A5B1571A833B0F008ECBF0 /* Sources */,
				76A5B1581A833B0F008ECBF0 /* Frameworks */,
				76A5B1591A833B0F008ECBF0 /* CopyFiles */,
			);
			buildRules = (
			);
			dependencies = (
			);
			name = OpenCV_CL;
			productName = OpenCV_CL;
			productReference = 76A5B15B1A833B0F008ECBF0 /* OpenCV_CL */;
			productType = "com.apple.product-type.tool";
		};
/* End PBXNativeTarget section */

/* Begin PBXProject section */
		76A5B1531A833B0F008ECBF0 /* Project object */ = {
			isa = PBXProject;
			attributes = {
				LastUpgradeCheck = 0610;
				ORGANIZATIONNAME = "黃昱彰";
				TargetAttributes = {
					76A5B15A1A833B0F008ECBF0 = {
						CreatedOnToolsVersion = 6.1.1;
					};
				};
			};
			buildConfigurationList = 76A5B1561A833B0F008ECBF0 /* Build configuration list for PBXProject "OpenCV_CL" */;
			compatibilityVersion = "Xcode 3.2";
			developmentRegion = English;
			hasScannedForEncodings = 0;
			knownRegions = (
				en,
			);
			mainGroup = 76A5B1521A833B0F008ECBF0;
			productRefGroup = 76A5B15C1A833B0F008ECBF0 /* Products */;
			projectDirPath = "";
			projectRoot = "";
			targets = (
				76A5B15A1A833B0F008ECBF0 /* OpenCV_CL */,
			);
		};
/* End PBXProject section */

/* Begin PBXSourcesBuildPhase section */
		76A5B1571A833B0F008ECBF0 /* Sources */ = {
			isa = PBXSourcesBuildPhase;
			buildActionMask = 2147483647;
			files = (
				76A5B15F1A833B0F008ECBF0 /* main.cpp in Sources */,
				761AFB681AB183C900554E5B /* process_test.cpp in Sources */,
				7601D8611ADB805700979365 /* process.cpp in Sources */,
			);
			runOnlyForDeploymentPostprocessing = 0;
		};
/* End PBXSourcesBuildPhase section */

/* Begin XCBuildConfiguration section */
		76A5B1601A833B0F008ECBF0 /* Debug */ = {
			isa = XCBuildConfiguration;
			buildSettings = {
				ALWAYS_SEARCH_USER_PATHS = NO;
				CLANG_CXX_LANGUAGE_STANDARD = "gnu++0x";
				CLANG_CXX_LIBRARY = "libc++";
				CLANG_ENABLE_MODULES = YES;
				CLANG_ENABLE_OBJC_ARC = YES;
				CLANG_WARN_BOOL_CONVERSION = YES;
				CLANG_WARN_CONSTANT_CONVERSION = YES;
				CLANG_WARN_DIRECT_OBJC_ISA_USAGE = YES_ERROR;
				CLANG_WARN_EMPTY_BODY = YES;
				CLANG_WARN_ENUM_CONVERSION = YES;
				CLANG_WARN_INT_CONVERSION = YES;
				CLANG_WARN_OBJC_ROOT_CLASS = YES_ERROR;
				CLANG_WARN_UNREACHABLE_CODE = YES;
				CLANG_WARN__DUPLICATE_METHOD_MATCH = YES;
				COPY_PHASE_STRIP = NO;
				ENABLE_STRICT_OBJC_MSGSEND = YES;
				GCC_C_LANGUAGE_STANDARD = gnu99;
				GCC_DYNAMIC_NO_PIC = NO;
				GCC_OPTIMIZATION_LEVEL = 0;
				GCC_PREPROCESSOR_DEFINITIONS = (
					"DEBUG=1",
					"$(inherited)",
				);
				GCC_SYMBOLS_PRIVATE_EXTERN = NO;
				GCC_WARN_64_TO_32_BIT_CONVERSION = YES;
				GCC_WARN_ABOUT_RETURN_TYPE = YES_ERROR;
				GCC_WARN_UNDECLARED_SELECTOR = YES;
				GCC_WARN_UNINITIALIZED_AUTOS = YES_AGGRESSIVE;
				GCC_WARN_UNUSED_FUNCTION = YES;
				GCC_WARN_UNUSED_VARIABLE = YES;
				MACOSX_DEPLOYMENT_TARGET = 10.10;
				MTL_ENABLE_DEBUG_INFO = YES;
				ONLY_ACTIVE_ARCH = YES;
				SDKROOT = macosx;
			};
			name = Debug;
		};
		76A5B1611A833B0F008ECBF0 /* Release */ = {
			isa = XCBuildConfiguration;
			buildSettings = {
				ALWAYS_SEARCH_USER_PATHS = NO;
				CLANG_CXX_LANGUAGE_STANDARD = "gnu++0x";
				CLANG_CXX_LIBRARY = "libc++";
				CLANG_ENABLE_MODULES = YES;
				CLANG_ENABLE_OBJC_ARC = YES;
				CLANG_WARN_BOOL_CONVERSION = YES;
				CLANG_WARN_CONSTANT_CONVERSION = YES;
				CLANG_WARN_DIRECT_OBJC_ISA_USAGE = YES_ERROR;
				CLANG_WARN_EMPTY_BODY = YES;
				CLANG_WARN_ENUM_CONVERSION = YES;
				CLANG_WARN_INT_CONVERSION = YES;
				CLANG_WARN_OBJC_ROOT_CLASS = YES_ERROR;
				CLANG_WARN_UNREACHABLE_CODE = YES;
				CLANG_WARN__DUPLICATE_METHOD_MATCH = YES;
				COPY_PHASE_STRIP = YES;
				DEBUG_INFORMATION_FORMAT = "dwarf-with-dsym";
				ENABLE_NS_ASSERTIONS = NO;
				ENABLE_STRICT_OBJC_MSGSEND = YES;
				GCC_C_LANGUAGE_STANDARD = gnu99;
				GCC_WARN_64_TO_32_BIT_CONVERSION = YES;
				GCC_WARN_ABOUT_RETURN_TYPE = YES_ERROR;
				GCC_WARN_UNDECLARED_SELECTOR = YES;
				GCC_WARN_UNINITIALIZED_AUTOS = YES_AGGRESSIVE;
				GCC_WARN_UNUSED_FUNCTION = YES;
				GCC_WARN_UNUSED_VARIABLE = YES;
				MACOSX_DEPLOYMENT_TARGET = 10.10;
				MTL_ENABLE_DEBUG_INFO = NO;
				SDKROOT = macosx;
			};
			name = Release;
		};
		76A5B1631A833B0F008ECBF0 /* Debug */ = {
			isa = XCBuildConfiguration;
			buildSettings = {
				HEADER_SEARCH_PATHS = (
					"$(inherited)",
					/Applications/Xcode.app/Contents/Developer/Toolchains/XcodeDefault.xctoolchain/usr/include,
					/usr/local/include,
				);
				LIBRARY_SEARCH_PATHS = /usr/local/lib;
				PRODUCT_NAME = "$(TARGET_NAME)";
			};
			name = Debug;
		};
		76A5B1641A833B0F008ECBF0 /* Release */ = {
			isa = XCBuildConfiguration;
			buildSettings = {
				HEADER_SEARCH_PATHS = (
					"$(inherited)",
					/Applications/Xcode.app/Contents/Developer/Toolchains/XcodeDefault.xctoolchain/usr/include,
					/usr/local/include,
				);
				LIBRARY_SEARCH_PATHS = /usr/local/lib;
				PRODUCT_NAME = "$(TARGET_NAME)";
			};
			name = Release;
		};
/* End XCBuildConfiguration section */

/* Begin XCConfigurationList section */
		76A5B1561A833B0F008ECBF0 /* Build configuration list for PBXProject "OpenCV_CL" */ = {
			isa = XCConfigurationList;
			buildConfigurations = (
				76A5B1601A833B0F008ECBF0 /* Debug */,
				76A5B1611A833B0F008ECBF0 /* Release */,
			);
			defaultConfigurationIsVisible = 0;
			defaultConfigurationName = Release;
		};
		76A5B1621A833B0F008ECBF0 /* Build configuration list for PBXNativeTarget "OpenCV_CL" */ = {
			isa = XCConfigurationList;
			buildConfigurations = (
				76A5B1631A833B0F008ECBF0 /* Debug */,
				76A5B1641A833B0F008ECBF0 /* Release */,
			);
			defaultConfigurationIsVisible = 0;
			defaultConfigurationName = Release;
		};
/* End XCConfigurationList section */
	};
	rootObject = 76A5B1531A833B0F008ECBF0 /* Project object */;
}
